{
	"name": "WebKonsole",
	"lockfileVersion": 3,
	"requires": true,
	"packages": {
		"": {
			"devDependencies": {
				"@boxyplayz/prettier-config": "^1.0.0",
				"prettier": "^3.7.4",
				"rolldown": "^1.0.0-beta.56",
				"rolldown-plugin-dts": "^0.19.2",
				"typescript": "^5.8.3"
			}
		},
		"node_modules/@babel/code-frame": {
			"version": "7.27.1",
			"resolved": "https://registry.npmjs.org/@babel/code-frame/-/code-frame-7.27.1.tgz",
			"integrity": "sha512-cjQ7ZlQ0Mv3b47hABuTevyTuYN4i+loJKGeV9flcCgIK37cCXRh+L1bd3iBHlynerhQ7BhCkn2BPbQUL+rGqFg==",
			"dev": true,
			"license": "MIT",
			"dependencies": {
				"@babel/helper-validator-identifier": "^7.27.1",
				"js-tokens": "^4.0.0",
				"picocolors": "^1.1.1"
			},
			"engines": {
				"node": ">=6.9.0"
			}
		},
		"node_modules/@babel/generator": {
			"version": "7.28.5",
			"resolved": "https://registry.npmjs.org/@babel/generator/-/generator-7.28.5.tgz",
			"integrity": "sha512-3EwLFhZ38J4VyIP6WNtt2kUdW9dokXA9Cr4IVIFHuCpZ3H8/YFOl5JjZHisrn1fATPBmKKqXzDFvh9fUwHz6CQ==",
			"dev": true,
			"license": "MIT",
			"dependencies": {
				"@babel/parser": "^7.28.5",
				"@babel/types": "^7.28.5",
				"@jridgewell/gen-mapping": "^0.3.12",
				"@jridgewell/trace-mapping": "^0.3.28",
				"jsesc": "^3.0.2"
			},
			"engines": {
				"node": ">=6.9.0"
			}
		},
		"node_modules/@babel/helper-globals": {
			"version": "7.28.0",
			"resolved": "https://registry.npmjs.org/@babel/helper-globals/-/helper-globals-7.28.0.tgz",
			"integrity": "sha512-+W6cISkXFa1jXsDEdYA8HeevQT/FULhxzR99pxphltZcVaugps53THCeiWA8SguxxpSp3gKPiuYfSWopkLQ4hw==",
			"dev": true,
			"license": "MIT",
			"engines": {
				"node": ">=6.9.0"
			}
		},
		"node_modules/@babel/helper-string-parser": {
			"version": "7.27.1",
			"resolved": "https://registry.npmjs.org/@babel/helper-string-parser/-/helper-string-parser-7.27.1.tgz",
			"integrity": "sha512-qMlSxKbpRlAridDExk92nSobyDdpPijUq2DW6oDnUqd0iOGxmQjyqhMIihI9+zv4LPyZdRje2cavWPbCbWm3eA==",
			"dev": true,
			"license": "MIT",
			"engines": {
				"node": ">=6.9.0"
			}
		},
		"node_modules/@babel/helper-validator-identifier": {
			"version": "7.28.5",
			"resolved": "https://registry.npmjs.org/@babel/helper-validator-identifier/-/helper-validator-identifier-7.28.5.tgz",
			"integrity": "sha512-qSs4ifwzKJSV39ucNjsvc6WVHs6b7S03sOh2OcHF9UHfVPqWWALUsNUVzhSBiItjRZoLHx7nIarVjqKVusUZ1Q==",
			"dev": true,
			"license": "MIT",
			"engines": {
				"node": ">=6.9.0"
			}
		},
		"node_modules/@babel/parser": {
			"version": "7.28.5",
			"resolved": "https://registry.npmjs.org/@babel/parser/-/parser-7.28.5.tgz",
			"integrity": "sha512-KKBU1VGYR7ORr3At5HAtUQ+TV3SzRCXmA/8OdDZiLDBIZxVyzXuztPjfLd3BV1PRAQGCMWWSHYhL0F8d5uHBDQ==",
			"dev": true,
			"license": "MIT",
			"dependencies": {
				"@babel/types": "^7.28.5"
			},
			"bin": {
				"parser": "bin/babel-parser.js"
			},
			"engines": {
				"node": ">=6.0.0"
			}
		},
		"node_modules/@babel/template": {
			"version": "7.27.2",
			"resolved": "https://registry.npmjs.org/@babel/template/-/template-7.27.2.tgz",
			"integrity": "sha512-LPDZ85aEJyYSd18/DkjNh4/y1ntkE5KwUHWTiqgRxruuZL2F1yuHligVHLvcHY2vMHXttKFpJn6LwfI7cw7ODw==",
			"dev": true,
			"license": "MIT",
			"dependencies": {
				"@babel/code-frame": "^7.27.1",
				"@babel/parser": "^7.27.2",
				"@babel/types": "^7.27.1"
			},
			"engines": {
				"node": ">=6.9.0"
			}
		},
		"node_modules/@babel/traverse": {
			"version": "7.28.5",
			"resolved": "https://registry.npmjs.org/@babel/traverse/-/traverse-7.28.5.tgz",
			"integrity": "sha512-TCCj4t55U90khlYkVV/0TfkJkAkUg3jZFA3Neb7unZT8CPok7iiRfaX0F+WnqWqt7OxhOn0uBKXCw4lbL8W0aQ==",
			"dev": true,
			"license": "MIT",
			"dependencies": {
				"@babel/code-frame": "^7.27.1",
				"@babel/generator": "^7.28.5",
				"@babel/helper-globals": "^7.28.0",
				"@babel/parser": "^7.28.5",
				"@babel/template": "^7.27.2",
				"@babel/types": "^7.28.5",
				"debug": "^4.3.1"
			},
			"engines": {
				"node": ">=6.9.0"
			}
		},
		"node_modules/@babel/types": {
			"version": "7.28.5",
			"resolved": "https://registry.npmjs.org/@babel/types/-/types-7.28.5.tgz",
			"integrity": "sha512-qQ5m48eI/MFLQ5PxQj4PFaprjyCTLI37ElWMmNs0K8Lk3dVeOdNpB3ks8jc7yM5CDmVC73eMVk/trk3fgmrUpA==",
			"dev": true,
			"license": "MIT",
			"dependencies": {
				"@babel/helper-string-parser": "^7.27.1",
				"@babel/helper-validator-identifier": "^7.28.5"
			},
			"engines": {
				"node": ">=6.9.0"
			}
		},
		"node_modules/@boxyplayz/prettier-config": {
			"version": "1.0.0",
			"resolved": "https://registry.npmjs.org/@boxyplayz/prettier-config/-/prettier-config-1.0.0.tgz",
			"integrity": "sha512-LX/sps0Q7fvWal6wsDc35hW4PAxDvRjF4bVHx6aX1oN2CDxN9f1osiyc4y0m53C+oeZpnlIeTnb92xlVeC3kkw==",
			"dev": true,
			"license": "MIT",
			"dependencies": {
				"@trivago/prettier-plugin-sort-imports": "^6.0.0"
			},
			"peerDependencies": {
				"prettier": "^3.7.4"
			}
		},
		"node_modules/@emnapi/core": {
			"version": "1.7.1",
			"resolved": "https://registry.npmjs.org/@emnapi/core/-/core-1.7.1.tgz",
			"integrity": "sha512-o1uhUASyo921r2XtHYOHy7gdkGLge8ghBEQHMWmyJFoXlpU58kIrhhN3w26lpQb6dspetweapMn2CSNwQ8I4wg==",
			"dev": true,
			"license": "MIT",
			"optional": true,
			"dependencies": {
				"@emnapi/wasi-threads": "1.1.0",
				"tslib": "^2.4.0"
			}
		},
		"node_modules/@emnapi/runtime": {
			"version": "1.7.1",
			"resolved": "https://registry.npmjs.org/@emnapi/runtime/-/runtime-1.7.1.tgz",
			"integrity": "sha512-PVtJr5CmLwYAU9PZDMITZoR5iAOShYREoR45EyyLrbntV50mdePTgUn4AmOw90Ifcj+x2kRjdzr1HP3RrNiHGA==",
			"dev": true,
			"license": "MIT",
			"optional": true,
			"dependencies": {
				"tslib": "^2.4.0"
			}
		},
		"node_modules/@emnapi/wasi-threads": {
			"version": "1.1.0",
			"resolved": "https://registry.npmjs.org/@emnapi/wasi-threads/-/wasi-threads-1.1.0.tgz",
			"integrity": "sha512-WI0DdZ8xFSbgMjR1sFsKABJ/C5OnRrjT06JXbZKexJGrDuPTzZdDYfFlsgcCXCyf+suG5QU2e/y1Wo2V/OapLQ==",
			"dev": true,
			"license": "MIT",
			"optional": true,
			"dependencies": {
				"tslib": "^2.4.0"
			}
		},
		"node_modules/@jridgewell/gen-mapping": {
			"version": "0.3.13",
			"resolved": "https://registry.npmjs.org/@jridgewell/gen-mapping/-/gen-mapping-0.3.13.tgz",
			"integrity": "sha512-2kkt/7niJ6MgEPxF0bYdQ6etZaA+fQvDcLKckhy1yIQOzaoKjBBjSj63/aLVjYE3qhRt5dvM+uUyfCg6UKCBbA==",
			"dev": true,
			"license": "MIT",
			"dependencies": {
				"@jridgewell/sourcemap-codec": "^1.5.0",
				"@jridgewell/trace-mapping": "^0.3.24"
			}
		},
		"node_modules/@jridgewell/resolve-uri": {
			"version": "3.1.2",
			"resolved": "https://registry.npmjs.org/@jridgewell/resolve-uri/-/resolve-uri-3.1.2.tgz",
			"integrity": "sha512-bRISgCIjP20/tbWSPWMEi54QVPRZExkuD9lJL+UIxUKtwVJA8wW1Trb1jMs1RFXo1CBTNZ/5hpC9QvmKWdopKw==",
			"dev": true,
			"license": "MIT",
			"engines": {
				"node": ">=6.0.0"
			}
		},
		"node_modules/@jridgewell/sourcemap-codec": {
			"version": "1.5.5",
			"resolved": "https://registry.npmjs.org/@jridgewell/sourcemap-codec/-/sourcemap-codec-1.5.5.tgz",
			"integrity": "sha512-cYQ9310grqxueWbl+WuIUIaiUaDcj7WOq5fVhEljNVgRfOUhY9fy2zTvfoqWsnebh8Sl70VScFbICvJnLKB0Og==",
			"dev": true,
			"license": "MIT"
		},
		"node_modules/@jridgewell/trace-mapping": {
			"version": "0.3.31",
			"resolved": "https://registry.npmjs.org/@jridgewell/trace-mapping/-/trace-mapping-0.3.31.tgz",
			"integrity": "sha512-zzNR+SdQSDJzc8joaeP8QQoCQr8NuYx2dIIytl1QeBEZHJ9uW6hebsrYgbz8hJwUQao3TWCMtmfV8Nu1twOLAw==",
			"dev": true,
			"license": "MIT",
			"dependencies": {
				"@jridgewell/resolve-uri": "^3.1.0",
				"@jridgewell/sourcemap-codec": "^1.4.14"
			}
		},
		"node_modules/@napi-rs/wasm-runtime": {
			"version": "1.1.0",
			"resolved": "https://registry.npmjs.org/@napi-rs/wasm-runtime/-/wasm-runtime-1.1.0.tgz",
			"integrity": "sha512-Fq6DJW+Bb5jaWE69/qOE0D1TUN9+6uWhCeZpdnSBk14pjLcCWR7Q8n49PTSPHazM37JqrsdpEthXy2xn6jWWiA==",
			"dev": true,
			"license": "MIT",
			"optional": true,
			"dependencies": {
				"@emnapi/core": "^1.7.1",
				"@emnapi/runtime": "^1.7.1",
				"@tybys/wasm-util": "^0.10.1"
			}
		},
		"node_modules/@oxc-project/types": {
			"version": "0.103.0",
			"resolved": "https://registry.npmjs.org/@oxc-project/types/-/types-0.103.0.tgz",
			"integrity": "sha512-bkiYX5kaXWwUessFRSoXFkGIQTmc6dLGdxuRTrC+h8PSnIdZyuXHHlLAeTmOue5Br/a0/a7dHH0Gca6eXn9MKg==",
			"dev": true,
			"license": "MIT",
			"funding": {
				"url": "https://github.com/sponsors/Boshen"
			}
		},
		"node_modules/@rolldown/binding-android-arm64": {
			"version": "1.0.0-beta.56",
			"resolved": "https://registry.npmjs.org/@rolldown/binding-android-arm64/-/binding-android-arm64-1.0.0-beta.56.tgz",
			"integrity": "sha512-GFsly+vPnl1Sa61sC2LwK4Hrz48W+YBqBmLSxBEj9IJW6nHNsWof1wwh1gwnxMIm/yN5F9M0B/cRAwn6rTINyg==",
			"cpu": [
				"arm64"
			],
			"dev": true,
			"license": "MIT",
			"optional": true,
			"os": [
				"android"
			],
			"engines": {
				"node": "^20.19.0 || >=22.12.0"
			}
		},
		"node_modules/@rolldown/binding-darwin-arm64": {
			"version": "1.0.0-beta.56",
			"resolved": "https://registry.npmjs.org/@rolldown/binding-darwin-arm64/-/binding-darwin-arm64-1.0.0-beta.56.tgz",
			"integrity": "sha512-8fSkk5g5MVZpddrH8hOyc9O5t5Dqv2Vi3Qe628xe+2zJedJxucUc5DX/KY1OVBRp8XY09LJO+J1V56LsxeBVPA==",
			"cpu": [
				"arm64"
			],
			"dev": true,
			"license": "MIT",
			"optional": true,
			"os": [
				"darwin"
			],
			"engines": {
				"node": "^20.19.0 || >=22.12.0"
			}
		},
		"node_modules/@rolldown/binding-darwin-x64": {
			"version": "1.0.0-beta.56",
			"resolved": "https://registry.npmjs.org/@rolldown/binding-darwin-x64/-/binding-darwin-x64-1.0.0-beta.56.tgz",
			"integrity": "sha512-R+Q5zd763MKvgYSkBfr2gr/3nZQENaK88qEqfRUUYrpq/W0okOpbOJaxn5FDIIS+yq3cjyktYm115I5RiI6G5A==",
			"cpu": [
				"x64"
			],
			"dev": true,
			"license": "MIT",
			"optional": true,
			"os": [
				"darwin"
			],
			"engines": {
				"node": "^20.19.0 || >=22.12.0"
			}
		},
		"node_modules/@rolldown/binding-freebsd-x64": {
			"version": "1.0.0-beta.56",
			"resolved": "https://registry.npmjs.org/@rolldown/binding-freebsd-x64/-/binding-freebsd-x64-1.0.0-beta.56.tgz",
			"integrity": "sha512-YEsv0rfJoHHRNaVx6AfW/o4bmwTY7BJnSQ45rRCyU6DWEgvFZMojh6qzMQmW5ZVdcikE3cU1ZnrQQ2yem9H9Yg==",
			"cpu": [
				"x64"
			],
			"dev": true,
			"license": "MIT",
			"optional": true,
			"os": [
				"freebsd"
			],
			"engines": {
				"node": "^20.19.0 || >=22.12.0"
			}
		},
		"node_modules/@rolldown/binding-linux-arm-gnueabihf": {
			"version": "1.0.0-beta.56",
			"resolved": "https://registry.npmjs.org/@rolldown/binding-linux-arm-gnueabihf/-/binding-linux-arm-gnueabihf-1.0.0-beta.56.tgz",
			"integrity": "sha512-mpaV+NCKcHUOkcAThvz1KiXcNshLQRSBLNNKqum2dG7oLZKk+z+02Fxa8BSuFFqq/rmmO6Fq2TPAdZUgOrwiqw==",
			"cpu": [
				"arm"
			],
			"dev": true,
			"license": "MIT",
			"optional": true,
			"os": [
				"linux"
			],
			"engines": {
				"node": "^20.19.0 || >=22.12.0"
			}
		},
		"node_modules/@rolldown/binding-linux-arm64-gnu": {
			"version": "1.0.0-beta.56",
			"resolved": "https://registry.npmjs.org/@rolldown/binding-linux-arm64-gnu/-/binding-linux-arm64-gnu-1.0.0-beta.56.tgz",
			"integrity": "sha512-wj1uQRN4GEhYw5cs0dobGzZg3oKMLuQ3hY3fW7cLzvlwi9XRdzW7NmU58e6YUp6boOQLarSxdmAaqCMgaMZfcQ==",
			"cpu": [
				"arm64"
			],
			"dev": true,
			"license": "MIT",
			"optional": true,
			"os": [
				"linux"
			],
			"engines": {
				"node": "^20.19.0 || >=22.12.0"
			}
		},
		"node_modules/@rolldown/binding-linux-arm64-musl": {
			"version": "1.0.0-beta.56",
			"resolved": "https://registry.npmjs.org/@rolldown/binding-linux-arm64-musl/-/binding-linux-arm64-musl-1.0.0-beta.56.tgz",
			"integrity": "sha512-Z2PWbAHjW2EUflb1/tPvouMqppwWF5Va1Y9b4GQpO6QlpGK0Wqmn90GO2VKiheDh/gSZlsxZ7uOZoXh2y8R7Kg==",
			"cpu": [
				"arm64"
			],
			"dev": true,
			"license": "MIT",
			"optional": true,
			"os": [
				"linux"
			],
			"engines": {
				"node": "^20.19.0 || >=22.12.0"
			}
		},
		"node_modules/@rolldown/binding-linux-x64-gnu": {
			"version": "1.0.0-beta.56",
			"resolved": "https://registry.npmjs.org/@rolldown/binding-linux-x64-gnu/-/binding-linux-x64-gnu-1.0.0-beta.56.tgz",
			"integrity": "sha512-Z/uv04/Tsf7oqhwjPUiDiSildhWmCpsklA0e5PEB+0eGGmm07B+M2SmqRe9Fd0ypfU2TPGhq+Hn7RVUGIfSMxg==",
			"cpu": [
				"x64"
			],
			"dev": true,
			"license": "MIT",
			"optional": true,
			"os": [
				"linux"
			],
			"engines": {
				"node": "^20.19.0 || >=22.12.0"
			}
		},
		"node_modules/@rolldown/binding-linux-x64-musl": {
			"version": "1.0.0-beta.56",
			"resolved": "https://registry.npmjs.org/@rolldown/binding-linux-x64-musl/-/binding-linux-x64-musl-1.0.0-beta.56.tgz",
			"integrity": "sha512-u+yP0Pt9ar3PkLGGiyGmQKVj9j20X0E831DY0OVmbKYHAAbTyLKYx+UIIorCm+SQnhGKfkD+0pmwfTc2t2Vt/g==",
			"cpu": [
				"x64"
			],
			"dev": true,
			"license": "MIT",
			"optional": true,
			"os": [
				"linux"
			],
			"engines": {
				"node": "^20.19.0 || >=22.12.0"
			}
		},
		"node_modules/@rolldown/binding-openharmony-arm64": {
			"version": "1.0.0-beta.56",
			"resolved": "https://registry.npmjs.org/@rolldown/binding-openharmony-arm64/-/binding-openharmony-arm64-1.0.0-beta.56.tgz",
			"integrity": "sha512-Kuc6r5Uya+KxdJ7MUSok3K8zta/1bcsaSNxTvYujm2mWYuffadqgkkR3d0UCRbbCH5klZ+7VG6DR3VtPRlCntw==",
			"cpu": [
				"arm64"
			],
			"dev": true,
			"license": "MIT",
			"optional": true,
			"os": [
				"openharmony"
			],
			"engines": {
				"node": "^20.19.0 || >=22.12.0"
			}
		},
		"node_modules/@rolldown/binding-wasm32-wasi": {
			"version": "1.0.0-beta.56",
			"resolved": "https://registry.npmjs.org/@rolldown/binding-wasm32-wasi/-/binding-wasm32-wasi-1.0.0-beta.56.tgz",
			"integrity": "sha512-pejT5oLj8xlfn8tjC3bJKeuAsk/un6GKwjbsBQG0AchefdaHf2+S4QRn8XfEMB1l1ZTbe5yEiiV92mr7Jdjaeg==",
			"cpu": [
				"wasm32"
			],
			"dev": true,
			"license": "MIT",
			"optional": true,
			"dependencies": {
				"@napi-rs/wasm-runtime": "^1.1.0"
			},
			"engines": {
				"node": ">=14.0.0"
			}
		},
		"node_modules/@rolldown/binding-win32-arm64-msvc": {
			"version": "1.0.0-beta.56",
			"resolved": "https://registry.npmjs.org/@rolldown/binding-win32-arm64-msvc/-/binding-win32-arm64-msvc-1.0.0-beta.56.tgz",
			"integrity": "sha512-1NKkRLQR2ghmHMd+14nm1noOhoLei62pkdGlf1g4F+9lfFws66+9LBnP6Z+E+KK8Do9hzQ6FFRwtkC3EADAeyA==",
			"cpu": [
				"arm64"
			],
			"dev": true,
			"license": "MIT",
			"optional": true,
			"os": [
				"win32"
			],
			"engines": {
				"node": "^20.19.0 || >=22.12.0"
			}
		},
		"node_modules/@rolldown/binding-win32-x64-msvc": {
			"version": "1.0.0-beta.56",
			"resolved": "https://registry.npmjs.org/@rolldown/binding-win32-x64-msvc/-/binding-win32-x64-msvc-1.0.0-beta.56.tgz",
			"integrity": "sha512-BC3mObCr7/O+1jMJ/Hm3INikBk5D25RTxCha10Rq8b1gHlBfb9eA460+7xQfc8FxUsMCUgHtvrK3Vs5izgwBOQ==",
			"cpu": [
				"x64"
			],
			"dev": true,
			"license": "MIT",
			"optional": true,
			"os": [
				"win32"
			],
			"engines": {
				"node": "^20.19.0 || >=22.12.0"
			}
		},
		"node_modules/@rolldown/pluginutils": {
			"version": "1.0.0-beta.56",
			"resolved": "https://registry.npmjs.org/@rolldown/pluginutils/-/pluginutils-1.0.0-beta.56.tgz",
			"integrity": "sha512-cw9jwAgCs024Nic4OB8PeFDLBHLD1Athcv3bRvyYATIVD9B/gL5X5cJkezT94Y7m7Dk9HXaUMcvb7ypvSX46sA==",
			"dev": true,
			"license": "MIT"
		},
		"node_modules/@trivago/prettier-plugin-sort-imports": {
			"version": "6.0.0",
			"resolved": "https://registry.npmjs.org/@trivago/prettier-plugin-sort-imports/-/prettier-plugin-sort-imports-6.0.0.tgz",
			"integrity": "sha512-Xarx55ow0R8oC7ViL5fPmDsg1EBa1dVhyZFVbFXNtPPJyW2w9bJADIla8YFSaNG9N06XfcklA9O9vmw4noNxkQ==",
			"dev": true,
			"license": "Apache-2.0",
			"dependencies": {
				"@babel/generator": "^7.28.0",
				"@babel/parser": "^7.28.0",
				"@babel/traverse": "^7.28.0",
				"@babel/types": "^7.28.0",
				"javascript-natural-sort": "^0.7.1",
				"lodash-es": "^4.17.21",
				"minimatch": "^9.0.0",
				"parse-imports-exports": "^0.2.4"
			},
			"engines": {
				"node": ">= 20"
			},
			"peerDependencies": {
				"@vue/compiler-sfc": "3.x",
				"prettier": "2.x - 3.x",
				"prettier-plugin-ember-template-tag": ">= 2.0.0",
				"prettier-plugin-svelte": "3.x",
				"svelte": "4.x || 5.x"
			},
			"peerDependenciesMeta": {
				"@vue/compiler-sfc": {
					"optional": true
				},
				"prettier-plugin-ember-template-tag": {
					"optional": true
				},
				"prettier-plugin-svelte": {
					"optional": true
				},
				"svelte": {
					"optional": true
				}
			}
		},
		"node_modules/@tybys/wasm-util": {
			"version": "0.10.1",
			"resolved": "https://registry.npmjs.org/@tybys/wasm-util/-/wasm-util-0.10.1.tgz",
			"integrity": "sha512-9tTaPJLSiejZKx+Bmog4uSubteqTvFrVrURwkmHixBo0G4seD0zUxp98E1DzUBJxLQ3NPwXrGKDiVjwx/DpPsg==",
			"dev": true,
			"license": "MIT",
			"optional": true,
			"dependencies": {
				"tslib": "^2.4.0"
			}
		},
		"node_modules/ast-kit": {
			"version": "2.2.0",
			"resolved": "https://registry.npmjs.org/ast-kit/-/ast-kit-2.2.0.tgz",
			"integrity": "sha512-m1Q/RaVOnTp9JxPX+F+Zn7IcLYMzM8kZofDImfsKZd8MbR+ikdOzTeztStWqfrqIxZnYWryyI9ePm3NGjnZgGw==",
			"dev": true,
			"license": "MIT",
			"dependencies": {
				"@babel/parser": "^7.28.5",
				"pathe": "^2.0.3"
			},
			"engines": {
				"node": ">=20.19.0"
			},
			"funding": {
				"url": "https://github.com/sponsors/sxzz"
			}
		},
		"node_modules/balanced-match": {
			"version": "1.0.2",
			"resolved": "https://registry.npmjs.org/balanced-match/-/balanced-match-1.0.2.tgz",
			"integrity": "sha512-3oSeUO0TMV67hN1AmbXsK4yaqU7tjiHlbxRDZOpH0KW9+CeX4bRAaX0Anxt0tx2MrpRpWwQaPwIlISEJhYU5Pw==",
			"dev": true,
			"license": "MIT"
		},
		"node_modules/birpc": {
			"version": "4.0.0",
			"resolved": "https://registry.npmjs.org/birpc/-/birpc-4.0.0.tgz",
			"integrity": "sha512-LShSxJP0KTmd101b6DRyGBj57LZxSDYWKitQNW/mi8GRMvZb078Uf9+pveax1DrVL89vm7mWe+TovdI/UDOuPw==",
			"dev": true,
			"license": "MIT",
			"funding": {
				"url": "https://github.com/sponsors/antfu"
			}
		},
		"node_modules/brace-expansion": {
			"version": "2.0.2",
			"resolved": "https://registry.npmjs.org/brace-expansion/-/brace-expansion-2.0.2.tgz",
			"integrity": "sha512-Jt0vHyM+jmUBqojB7E1NIYadt0vI0Qxjxd2TErW94wDz+E2LAm5vKMXXwg6ZZBTHPuUlDgQHKXvjGBdfcF1ZDQ==",
			"dev": true,
			"license": "MIT",
			"dependencies": {
				"balanced-match": "^1.0.0"
			}
		},
		"node_modules/debug": {
			"version": "4.4.3",
			"resolved": "https://registry.npmjs.org/debug/-/debug-4.4.3.tgz",
			"integrity": "sha512-RGwwWnwQvkVfavKVt22FGLw+xYSdzARwm0ru6DhTVA3umU5hZc28V3kO4stgYryrTlLpuvgI9GiijltAjNbcqA==",
			"dev": true,
			"license": "MIT",
			"dependencies": {
				"ms": "^2.1.3"
			},
			"engines": {
				"node": ">=6.0"
			},
			"peerDependenciesMeta": {
				"supports-color": {
					"optional": true
				}
			}
		},
		"node_modules/dts-resolver": {
			"version": "2.1.3",
			"resolved": "https://registry.npmjs.org/dts-resolver/-/dts-resolver-2.1.3.tgz",
			"integrity": "sha512-bihc7jPC90VrosXNzK0LTE2cuLP6jr0Ro8jk+kMugHReJVLIpHz/xadeq3MhuwyO4TD4OA3L1Q8pBBFRc08Tsw==",
			"dev": true,
			"license": "MIT",
			"engines": {
				"node": ">=20.19.0"
			},
			"funding": {
				"url": "https://github.com/sponsors/sxzz"
			},
			"peerDependencies": {
				"oxc-resolver": ">=11.0.0"
			},
			"peerDependenciesMeta": {
				"oxc-resolver": {
					"optional": true
				}
			}
		},
		"node_modules/get-tsconfig": {
			"version": "4.13.0",
			"resolved": "https://registry.npmjs.org/get-tsconfig/-/get-tsconfig-4.13.0.tgz",
			"integrity": "sha512-1VKTZJCwBrvbd+Wn3AOgQP/2Av+TfTCOlE4AcRJE72W1ksZXbAx8PPBR9RzgTeSPzlPMHrbANMH3LbltH73wxQ==",
			"dev": true,
			"license": "MIT",
			"dependencies": {
				"resolve-pkg-maps": "^1.0.0"
			},
			"funding": {
				"url": "https://github.com/privatenumber/get-tsconfig?sponsor=1"
			}
		},
		"node_modules/javascript-natural-sort": {
			"version": "0.7.1",
			"resolved": "https://registry.npmjs.org/javascript-natural-sort/-/javascript-natural-sort-0.7.1.tgz",
			"integrity": "sha512-nO6jcEfZWQXDhOiBtG2KvKyEptz7RVbpGP4vTD2hLBdmNQSsCiicO2Ioinv6UI4y9ukqnBpy+XZ9H6uLNgJTlw==",
			"dev": true,
			"license": "MIT"
		},
		"node_modules/js-tokens": {
			"version": "4.0.0",
			"resolved": "https://registry.npmjs.org/js-tokens/-/js-tokens-4.0.0.tgz",
			"integrity": "sha512-RdJUflcE3cUzKiMqQgsCu06FPu9UdIJO0beYbPhHN4k6apgJtifcoCtT9bcxOpYBtpD2kCM6Sbzg4CausW/PKQ==",
			"dev": true,
			"license": "MIT"
		},
		"node_modules/jsesc": {
			"version": "3.1.0",
			"resolved": "https://registry.npmjs.org/jsesc/-/jsesc-3.1.0.tgz",
			"integrity": "sha512-/sM3dO2FOzXjKQhJuo0Q173wf2KOo8t4I8vHy6lF9poUp7bKT0/NHE8fPX23PwfhnykfqnC2xRxOnVw5XuGIaA==",
			"dev": true,
			"license": "MIT",
			"bin": {
				"jsesc": "bin/jsesc"
			},
			"engines": {
				"node": ">=6"
			}
		},
		"node_modules/lodash-es": {
			"version": "4.17.22",
			"resolved": "https://registry.npmjs.org/lodash-es/-/lodash-es-4.17.22.tgz",
			"integrity": "sha512-XEawp1t0gxSi9x01glktRZ5HDy0HXqrM0x5pXQM98EaI0NxO6jVM7omDOxsuEo5UIASAnm2bRp1Jt/e0a2XU8Q==",
			"dev": true,
			"license": "MIT"
		},
		"node_modules/minimatch": {
			"version": "9.0.5",
			"resolved": "https://registry.npmjs.org/minimatch/-/minimatch-9.0.5.tgz",
			"integrity": "sha512-G6T0ZX48xgozx7587koeX9Ys2NYy6Gmv//P89sEte9V9whIapMNF4idKxnW2QtCcLiTWlb/wfCabAtAFWhhBow==",
			"dev": true,
			"license": "ISC",
			"dependencies": {
				"brace-expansion": "^2.0.1"
			},
			"engines": {
				"node": ">=16 || 14 >=14.17"
			},
			"funding": {
				"url": "https://github.com/sponsors/isaacs"
			}
		},
		"node_modules/ms": {
			"version": "2.1.3",
			"resolved": "https://registry.npmjs.org/ms/-/ms-2.1.3.tgz",
			"integrity": "sha512-6FlzubTLZG3J2a/NVCAleEhjzq5oxgHyaCU9yYXvcLsvoVaHJq/s5xXI6/XXP6tz7R9xAOtHnSO/tXtF3WRTlA==",
			"dev": true,
			"license": "MIT"
		},
		"node_modules/obug": {
			"version": "2.1.1",
			"resolved": "https://registry.npmjs.org/obug/-/obug-2.1.1.tgz",
			"integrity": "sha512-uTqF9MuPraAQ+IsnPf366RG4cP9RtUi7MLO1N3KEc+wb0a6yKpeL0lmk2IB1jY5KHPAlTc6T/JRdC/YqxHNwkQ==",
			"dev": true,
			"funding": [
				"https://github.com/sponsors/sxzz",
				"https://opencollective.com/debug"
			],
			"license": "MIT"
		},
		"node_modules/parse-imports-exports": {
			"version": "0.2.4",
			"resolved": "https://registry.npmjs.org/parse-imports-exports/-/parse-imports-exports-0.2.4.tgz",
			"integrity": "sha512-4s6vd6dx1AotCx/RCI2m7t7GCh5bDRUtGNvRfHSP2wbBQdMi67pPe7mtzmgwcaQ8VKK/6IB7Glfyu3qdZJPybQ==",
			"dev": true,
			"license": "MIT",
			"dependencies": {
				"parse-statements": "1.0.11"
			}
		},
		"node_modules/parse-statements": {
			"version": "1.0.11",
			"resolved": "https://registry.npmjs.org/parse-statements/-/parse-statements-1.0.11.tgz",
			"integrity": "sha512-HlsyYdMBnbPQ9Jr/VgJ1YF4scnldvJpJxCVx6KgqPL4dxppsWrJHCIIxQXMJrqGnsRkNPATbeMJ8Yxu7JMsYcA==",
			"dev": true,
			"license": "MIT"
		},
		"node_modules/pathe": {
			"version": "2.0.3",
			"resolved": "https://registry.npmjs.org/pathe/-/pathe-2.0.3.tgz",
			"integrity": "sha512-WUjGcAqP1gQacoQe+OBJsFA7Ld4DyXuUIjZ5cc75cLHvJ7dtNsTugphxIADwspS+AraAUePCKrSVtPLFj/F88w==",
			"dev": true,
			"license": "MIT"
		},
		"node_modules/picocolors": {
			"version": "1.1.1",
			"resolved": "https://registry.npmjs.org/picocolors/-/picocolors-1.1.1.tgz",
			"integrity": "sha512-xceH2snhtb5M9liqDsmEw56le376mTZkEX/jEb/RxNFyegNul7eNslCXP9FDj/Lcu0X8KEyMceP2ntpaHrDEVA==",
			"dev": true,
			"license": "ISC"
		},
		"node_modules/prettier": {
			"version": "3.7.4",
			"resolved": "https://registry.npmjs.org/prettier/-/prettier-3.7.4.tgz",
			"integrity": "sha512-v6UNi1+3hSlVvv8fSaoUbggEM5VErKmmpGA7Pl3HF8V6uKY7rvClBOJlH6yNwQtfTueNkGVpOv/mtWL9L4bgRA==",
			"dev": true,
			"license": "MIT",
			"bin": {
				"prettier": "bin/prettier.cjs"
			},
			"engines": {
				"node": ">=14"
			},
			"funding": {
				"url": "https://github.com/prettier/prettier?sponsor=1"
			}
		},
		"node_modules/resolve-pkg-maps": {
			"version": "1.0.0",
			"resolved": "https://registry.npmjs.org/resolve-pkg-maps/-/resolve-pkg-maps-1.0.0.tgz",
			"integrity": "sha512-seS2Tj26TBVOC2NIc2rOe2y2ZO7efxITtLZcGSOnHHNOQ7CkiUBfw0Iw2ck6xkIhPwLhKNLS8BO+hEpngQlqzw==",
			"dev": true,
			"license": "MIT",
			"funding": {
				"url": "https://github.com/privatenumber/resolve-pkg-maps?sponsor=1"
			}
		},
		"node_modules/rolldown": {
			"version": "1.0.0-beta.56",
			"resolved": "https://registry.npmjs.org/rolldown/-/rolldown-1.0.0-beta.56.tgz",
			"integrity": "sha512-9MHiUvRH2R8rb6ad6EaLxahS3RbQKdMMlrh9XKmbz2HiCGfK4IWKSNv4N6GhYr+7kHExg6oIc5EF1xA3iR4x1A==",
			"dev": true,
			"license": "MIT",
			"dependencies": {
				"@oxc-project/types": "=0.103.0",
				"@rolldown/pluginutils": "1.0.0-beta.56"
			},
			"bin": {
				"rolldown": "bin/cli.mjs"
			},
			"engines": {
				"node": "^20.19.0 || >=22.12.0"
			},
			"optionalDependencies": {
				"@rolldown/binding-android-arm64": "1.0.0-beta.56",
				"@rolldown/binding-darwin-arm64": "1.0.0-beta.56",
				"@rolldown/binding-darwin-x64": "1.0.0-beta.56",
				"@rolldown/binding-freebsd-x64": "1.0.0-beta.56",
				"@rolldown/binding-linux-arm-gnueabihf": "1.0.0-beta.56",
				"@rolldown/binding-linux-arm64-gnu": "1.0.0-beta.56",
				"@rolldown/binding-linux-arm64-musl": "1.0.0-beta.56",
				"@rolldown/binding-linux-x64-gnu": "1.0.0-beta.56",
				"@rolldown/binding-linux-x64-musl": "1.0.0-beta.56",
				"@rolldown/binding-openharmony-arm64": "1.0.0-beta.56",
				"@rolldown/binding-wasm32-wasi": "1.0.0-beta.56",
				"@rolldown/binding-win32-arm64-msvc": "1.0.0-beta.56",
				"@rolldown/binding-win32-x64-msvc": "1.0.0-beta.56"
			}
		},
		"node_modules/rolldown-plugin-dts": {
			"version": "0.19.2",
			"resolved": "https://registry.npmjs.org/rolldown-plugin-dts/-/rolldown-plugin-dts-0.19.2.tgz",
			"integrity": "sha512-KbP0cnnjD1ubnyklqy6GCahvUsOrPFH4i+RTX6bNpyvh+jUsaxY01e9mLOU2NsGzQkJS/q4hbCbdcQoAmSWIYg==",
			"dev": true,
			"license": "MIT",
			"dependencies": {
				"@babel/generator": "^7.28.5",
				"@babel/parser": "^7.28.5",
				"@babel/types": "^7.28.5",
				"ast-kit": "^2.2.0",
				"birpc": "^4.0.0",
				"dts-resolver": "^2.1.3",
				"get-tsconfig": "^4.13.0",
				"obug": "^2.1.1"
			},
			"engines": {
				"node": ">=20.19.0"
			},
			"funding": {
				"url": "https://github.com/sponsors/sxzz"
			},
			"peerDependencies": {
				"@ts-macro/tsc": "^0.3.6",
				"@typescript/native-preview": ">=7.0.0-dev.20250601.1",
				"rolldown": "^1.0.0-beta.55",
				"typescript": "^5.0.0",
				"vue-tsc": "~3.2.0"
			},
			"peerDependenciesMeta": {
				"@ts-macro/tsc": {
					"optional": true
				},
				"@typescript/native-preview": {
					"optional": true
				},
				"typescript": {
					"optional": true
				},
				"vue-tsc": {
					"optional": true
				}
			}
		},
		"node_modules/tslib": {
			"version": "2.8.1",
			"resolved": "https://registry.npmjs.org/tslib/-/tslib-2.8.1.tgz",
			"integrity": "sha512-oJFu94HQb+KVduSUQL7wnpmqnfmLsOA/nAh6b6EH0wCEoK0/mPeXU6c3wKDV83MkOuHPRHtSXKKU99IBazS/2w==",
			"dev": true,
			"license": "0BSD",
			"optional": true
		},
		"node_modules/typescript": {
			"version": "5.9.3",
			"resolved": "https://registry.npmjs.org/typescript/-/typescript-5.9.3.tgz",
			"integrity": "sha512-jl1vZzPDinLr9eUt3J/t7V6FgNEw9QjvBPdysz9KfQDD41fQrC2Y4vKQdiaUpFT4bXlb1RHhLpp8wtm6M5TgSw==",
			"dev": true,
			"license": "Apache-2.0",
			"bin": {
				"tsc": "bin/tsc",
				"tsserver": "bin/tsserver"
			},
			"engines": {
				"node": ">=14.17"
			}
		}
	}
}
